
Microsoft Visual Studio Solution File, Format Version 12.00
# Visual Studio Version 16
VisualStudioVersion = 16.0.31702.278
MinimumVisualStudioVersion = 10.0.40219.1
Project("{FAE04EC0-301F-11D3-BF4B-00C04F79EFBC}") = "GeometricAndArithmeticProgression", "GeometricAndArithmeticProgression\GeometricAndArithmeticProgression.csproj", "{43DDDCAF-DEFB-481A-A9AA-A84A753552B4}"
EndProject
Project("{FAE04EC0-301F-11D3-BF4B-00C04F79EFBC}") = "GeometricAndArithmeticProgression.test", "GeometricAndArithmeticProgression.test\GeometricAndArithmeticProgression.test.csproj", "{E6EAB9BC-B0A9-4279-BBE3-BF866748BE6A}"
EndProject
Global
	GlobalSection(SolutionConfigurationPlatforms) = preSolution
		Debug|Any CPU = Debug|Any CPU
		Release|Any CPU = Release|Any CPU
	EndGlobalSection
	GlobalSection(ProjectConfigurationPlatforms) = postSolution
		{43DDDCAF-DEFB-481A-A9AA-A84A753552B4}.Debug|Any CPU.ActiveCfg = Debug|Any CPU
		{43DDDCAF-DEFB-481A-A9AA-A84A753552B4}.Debug|Any CPU.Build.0 = Debug|Any CPU
		{43DDDCAF-DEFB-481A-A9AA-A84A753552B4}.Release|Any CPU.ActiveCfg = Release|Any CPU
		{43DDDCAF-DEFB-481A-A9AA-A84A753552B4}.Release|Any CPU.Build.0 = Release|Any CPU
		{E6EAB9BC-B0A9-4279-BBE3-BF866748BE6A}.Debug|Any CPU.ActiveCfg = Debug|Any CPU
		{E6EAB9BC-B0A9-4279-BBE3-BF866748BE6A}.Debug|Any CPU.Build.0 = Debug|Any CPU
		{E6EAB9BC-B0A9-4279-BBE3-BF866748BE6A}.Release|Any CPU.ActiveCfg = Release|Any CPU
		{E6EAB9BC-B0A9-4279-BBE3-BF866748BE6A}.Release|Any CPU.Build.0 = Release|Any CPU
	EndGlobalSection
	GlobalSection(SolutionProperties) = preSolution
		HideSolutionNode = FALSE
	EndGlobalSection
	GlobalSection(ExtensibilityGlobals) = postSolution
		SolutionGuid = {B4A9C62C-BBFC-4ECF-9023-9927BA5427B0}
	EndGlobalSection
EndGlobal
